
Microsoft Visual Studio Solution File, Format Version 12.00
# Visual Studio 15
VisualStudioVersion = 15.0.27703.2000
MinimumVisualStudioVersion = 10.0.40219.1
Project("{FAE04EC0-301F-11D3-BF4B-00C04F79EFBC}") = "WebApplication24", "WebApplication24\WebApplication24.csproj", "{5A9FF058-6696-4B8F-9F20-9727A7BC84EF}"
EndProject
Global
	GlobalSection(SolutionConfigurationPlatforms) = preSolution
		Debug|Any CPU = Debug|Any CPU
		Release|Any CPU = Release|Any CPU
	EndGlobalSection
	GlobalSection(ProjectConfigurationPlatforms) = postSolution
		{5A9FF058-6696-4B8F-9F20-9727A7BC84EF}.Debug|Any CPU.ActiveCfg = Debug|Any CPU
		{5A9FF058-6696-4B8F-9F20-9727A7BC84EF}.Debug|Any CPU.Build.0 = Debug|Any CPU
		{5A9FF058-6696-4B8F-9F20-9727A7BC84EF}.Release|Any CPU.ActiveCfg = Release|Any CPU
		{5A9FF058-6696-4B8F-9F20-9727A7BC84EF}.Release|Any CPU.Build.0 = Release|Any CPU
	EndGlobalSection
	GlobalSection(SolutionProperties) = preSolution
		HideSolutionNode = FALSE
	EndGlobalSection
	GlobalSection(ExtensibilityGlobals) = postSolution
		SolutionGuid = {566B3606-2301-480D-8DFF-D1ABB7EEFFC1}
	EndGlobalSection
EndGlobal
