
Microsoft Visual Studio Solution File, Format Version 12.00
# Visual Studio 15
VisualStudioVersion = 15.0.27703.2000
MinimumVisualStudioVersion = 10.0.40219.1
Project("{9A19103F-16F7-4668-BE54-9A1E7A4F7556}") = "PublishAndDeploy", "PublishAndDeploy\PublishAndDeploy.csproj", "{9F814031-58EC-4A25-9088-2410BC37EE18}"
EndProject
Project("{E53339B2-1760-4266-BCC7-CA923CBCF16C}") = "docker-compose", "docker-compose.dcproj", "{448238BC-F684-4D0A-BA65-7AC59CE084BE}"
EndProject
Global
	GlobalSection(SolutionConfigurationPlatforms) = preSolution
		Debug|Any CPU = Debug|Any CPU
		Release|Any CPU = Release|Any CPU
	EndGlobalSection
	GlobalSection(ProjectConfigurationPlatforms) = postSolution
		{9F814031-58EC-4A25-9088-2410BC37EE18}.Debug|Any CPU.ActiveCfg = Debug|Any CPU
		{9F814031-58EC-4A25-9088-2410BC37EE18}.Debug|Any CPU.Build.0 = Debug|Any CPU
		{9F814031-58EC-4A25-9088-2410BC37EE18}.Release|Any CPU.ActiveCfg = Release|Any CPU
		{9F814031-58EC-4A25-9088-2410BC37EE18}.Release|Any CPU.Build.0 = Release|Any CPU
		{448238BC-F684-4D0A-BA65-7AC59CE084BE}.Debug|Any CPU.ActiveCfg = Debug|Any CPU
		{448238BC-F684-4D0A-BA65-7AC59CE084BE}.Debug|Any CPU.Build.0 = Debug|Any CPU
		{448238BC-F684-4D0A-BA65-7AC59CE084BE}.Release|Any CPU.ActiveCfg = Release|Any CPU
		{448238BC-F684-4D0A-BA65-7AC59CE084BE}.Release|Any CPU.Build.0 = Release|Any CPU
	EndGlobalSection
	GlobalSection(SolutionProperties) = preSolution
		HideSolutionNode = FALSE
	EndGlobalSection
	GlobalSection(ExtensibilityGlobals) = postSolution
		SolutionGuid = {D32EB334-0BBD-4FB0-BE6E-4EABFA82DCF4}
	EndGlobalSection
EndGlobal
