
Microsoft Visual Studio Solution File, Format Version 12.00
# Visual Studio 15
VisualStudioVersion = 15.0.27703.2000
MinimumVisualStudioVersion = 10.0.40219.1
Project("{FAE04EC0-301F-11D3-BF4B-00C04F79EFBC}") = "WebApplication1", "WebApplication1\WebApplication1.csproj", "{4A513BC5-EC04-4816-9606-08FC57EE0A03}"
EndProject
Global
	GlobalSection(SolutionConfigurationPlatforms) = preSolution
		Debug|Any CPU = Debug|Any CPU
		Release|Any CPU = Release|Any CPU
	EndGlobalSection
	GlobalSection(ProjectConfigurationPlatforms) = postSolution
		{4A513BC5-EC04-4816-9606-08FC57EE0A03}.Debug|Any CPU.ActiveCfg = Debug|Any CPU
		{4A513BC5-EC04-4816-9606-08FC57EE0A03}.Debug|Any CPU.Build.0 = Debug|Any CPU
		{4A513BC5-EC04-4816-9606-08FC57EE0A03}.Release|Any CPU.ActiveCfg = Release|Any CPU
		{4A513BC5-EC04-4816-9606-08FC57EE0A03}.Release|Any CPU.Build.0 = Release|Any CPU
	EndGlobalSection
	GlobalSection(SolutionProperties) = preSolution
		HideSolutionNode = FALSE
	EndGlobalSection
	GlobalSection(ExtensibilityGlobals) = postSolution
		SolutionGuid = {2745695F-3012-4208-BCB3-F5FA5F2B772A}
	EndGlobalSection
EndGlobal
