
Microsoft Visual Studio Solution File, Format Version 12.00
# Visual Studio 15
VisualStudioVersion = 15.0.27703.2000
MinimumVisualStudioVersion = 10.0.40219.1
Project("{FAE04EC0-301F-11D3-BF4B-00C04F79EFBC}") = "MyMVA", "MyMVA\MyMVA.csproj", "{AF43A89D-ABBC-4E72-A9F9-FA2938FE9C6C}"
EndProject
Global
	GlobalSection(SolutionConfigurationPlatforms) = preSolution
		Debug|Any CPU = Debug|Any CPU
		Release|Any CPU = Release|Any CPU
	EndGlobalSection
	GlobalSection(ProjectConfigurationPlatforms) = postSolution
		{AF43A89D-ABBC-4E72-A9F9-FA2938FE9C6C}.Debug|Any CPU.ActiveCfg = Debug|Any CPU
		{AF43A89D-ABBC-4E72-A9F9-FA2938FE9C6C}.Debug|Any CPU.Build.0 = Debug|Any CPU
		{AF43A89D-ABBC-4E72-A9F9-FA2938FE9C6C}.Release|Any CPU.ActiveCfg = Release|Any CPU
		{AF43A89D-ABBC-4E72-A9F9-FA2938FE9C6C}.Release|Any CPU.Build.0 = Release|Any CPU
	EndGlobalSection
	GlobalSection(SolutionProperties) = preSolution
		HideSolutionNode = FALSE
	EndGlobalSection
	GlobalSection(ExtensibilityGlobals) = postSolution
		SolutionGuid = {B9DE94B8-253A-459B-8A63-7D8C3E30D2CC}
	EndGlobalSection
EndGlobal
